<?xml version="1.0" encoding="utf-8"?>
<Project ToolsVersion="4.0" xmlns="http://schemas.microsoft.com/developer/msbuild/2003">
  <ItemGroup>
    <Filter Include="Source Files">
      <UniqueIdentifier>{4FC737F1-C7A5-4376-A066-2A32D752A2FF}</UniqueIdentifier>
      <Extensions>cpp;c;cc;cxx;def;odl;idl;hpj;bat;asm;asmx</Extensions>
    </Filter>
    <Filter Include="Header Files">
      <UniqueIdentifier>{93995380-89BD-4b04-88EB-625FBE52EBFB}</UniqueIdentifier>
      <Extensions>h;hh;hpp;hxx;hm;inl;inc;xsd</Extensions>
    </Filter>
    <Filter Include="Resource Files">
      <UniqueIdentifier>{67DA6AB6-F800-4c08-8B7A-83BB121AAD01}</UniqueIdentifier>
      <Extensions>rc;ico;cur;bmp;dlg;rc2;rct;bin;rgs;gif;jpg;jpeg;jpe;resx;tiff;tif;png;wav;mfcribbon-ms</Extensions>
    </Filter>
    <Filter Include="Source Files\imgui">
      <UniqueIdentifier>{d7f4af42-da57-402b-b1e7-fd31dce3ab29}</UniqueIdentifier>
    </Filter>
    <Filter Include="Source Files\RenderWidgets">
      <UniqueIdentifier>{17aac6c3-fad4-494e-8323-a55f164e96f2}</UniqueIdentifier>
    </Filter>
    <Filter Include="Source Files\Rendering">
      <UniqueIdentifier>{7243c6d8-1956-4b5b-98cc-b881e802aebc}</UniqueIdentifier>
    </Filter>
    <Filter Include="Source Files\Scene">
      <UniqueIdentifier>{241fd15d-2af6-4d49-aa8a-d809f2930bd7}</UniqueIdentifier>
    </Filter>
    <Filter Include="Source Files\Shader">
      <UniqueIdentifier>{5caac82c-ed17-4391-b1bb-1c4deb758cb3}</UniqueIdentifier>
    </Filter>
  </ItemGroup>
  <ItemGroup>
    <ClCompile Include="src\glad.c">
      <Filter>Source Files</Filter>
    </ClCompile>
    <ClCompile Include="..\externals\include\imgui\imgui.cpp">
      <Filter>Source Files\imgui</Filter>
    </ClCompile>
    <ClCompile Include="..\externals\include\imgui\imgui_demo.cpp">
      <Filter>Source Files\imgui</Filter>
    </ClCompile>
    <ClCompile Include="..\externals\include\imgui\imgui_draw.cpp">
      <Filter>Source Files\imgui</Filter>
    </ClCompile>
    <ClCompile Include="..\externals\include\imgui\imgui_impl_glfw.cpp">
      <Filter>Source Files\imgui</Filter>
    </ClCompile>
    <ClCompile Include="..\externals\include\imgui\imgui_impl_opengl3.cpp">
      <Filter>Source Files\imgui</Filter>
    </ClCompile>
    <ClCompile Include="..\externals\include\imgui\imgui_tables.cpp">
      <Filter>Source Files\imgui</Filter>
    </ClCompile>
    <ClCompile Include="..\externals\include\imgui\imgui_widgets.cpp">
      <Filter>Source Files\imgui</Filter>
    </ClCompile>
    <ClCompile Include="src\Rendering\Camera\Camera.cpp">
      <Filter>Source Files\Rendering</Filter>
    </ClCompile>
    <ClCompile Include="src\RenderWidgets\RenderingOrderExp.cpp">
      <Filter>Source Files\RenderWidgets</Filter>
    </ClCompile>
    <ClCompile Include="src\Rendering\RendererBase.cpp">
      <Filter>Source Files\Rendering</Filter>
    </ClCompile>
    <ClCompile Include="src\Rendering\Shader.cpp">
      <Filter>Source Files\Rendering</Filter>
    </ClCompile>
    <ClCompile Include="src\Scene\RHorizonGround.cpp">
      <Filter>Source Files\Scene</Filter>
    </ClCompile>
    <ClCompile Include="src\Scene\RViewFrustum.cpp">
      <Filter>Source Files\Scene</Filter>
    </ClCompile>
    <ClCompile Include="main2.cpp">
      <Filter>Source Files</Filter>
    </ClCompile>
    <ClCompile Include="src\Scene\RSlime.cpp">
      <Filter>Source Files\Scene</Filter>
    </ClCompile>
    <ClCompile Include="src\Scene\RFoliages.cpp">
      <Filter>Source Files\Scene</Filter>
    </ClCompile>
  </ItemGroup>
  <ItemGroup>
    <ClInclude Include="src\Scene\RSlime.h">
      <Filter>Source Files\Scene</Filter>
    </ClInclude>
    <ClInclude Include="src\Scene\RFoliages.h">
      <Filter>Source Files\Scene</Filter>
    </ClInclude>
    <ClInclude Include="src\Scene\SpatialSample.h">
      <Filter>Source Files\Scene</Filter>
    </ClInclude>
    <ClInclude Include="src\Scene\Trajectory.h">
      <Filter>Source Files\Scene</Filter>
    </ClInclude>
    <ClInclude Include="src\RenderWidgets\RenderingOrderExp.h">
      <Filter>Source Files\RenderWidgets</Filter>
    </ClInclude>
    <ClInclude Include="src\Scene\RHorizonGround.h">
      <Filter>Source Files\Scene</Filter>
    </ClInclude>
    <ClInclude Include="src\Scene\RViewFrustum.h">
      <Filter>Source Files\Scene</Filter>
    </ClInclude>
    <ClInclude Include="src\Rendering\RendererBase.h">
      <Filter>Source Files\Rendering</Filter>
    </ClInclude>
    <ClInclude Include="src\Rendering\Shader.h">
      <Filter>Source Files\Rendering</Filter>
    </ClInclude>
    <ClInclude Include="src\Rendering\ShaderParameterBindingPoint.h">
      <Filter>Source Files\Rendering</Filter>
    </ClInclude>
    <ClInclude Include="src\Rendering\Camera\Camera.h">
      <Filter>Source Files\Rendering</Filter>
    </ClInclude>
  </ItemGroup>
  <ItemGroup>
    <None Include="src\shader\computeShader.glsl">
      <Filter>Source Files\Shader</Filter>
    </None>
    <None Include="src\shader\resetShader.glsl">
      <Filter>Source Files\Shader</Filter>
    </None>
    <None Include="src\shader\fragmentShader_ogl_450.glsl">
      <Filter>Source Files\Shader</Filter>
    </None>
    <None Include="src\shader\vertexShader_ogl_450.glsl">
      <Filter>Source Files\Shader</Filter>
    </None>
  </ItemGroup>
</Project>